
Microsoft Visual Studio Solution File, Format Version 12.00
# Visual Studio 14
VisualStudioVersion = 14.0.25420.1
MinimumVisualStudioVersion = 10.0.40219.1
Project("{FAE04EC0-301F-11D3-BF4B-00C04F79EFBC}") = "FlintTools", "FlintTools\FlintTools.csproj", "{B2748423-F6B2-409F-940B-20A196D5CF86}"
EndProject
Project("{2150E333-8FDC-42A3-9474-1A3956D46DE8}") = "Modules", "Modules", "{44A95E3B-2479-480B-B7FE-825AC096333B}"
EndProject
Project("{FAE04EC0-301F-11D3-BF4B-00C04F79EFBC}") = "Tasks", "Modules\Tasks\Tasks.csproj", "{5C1F5CAE-6700-4D44-B29D-9D117A001FCD}"
EndProject
Project("{FAE04EC0-301F-11D3-BF4B-00C04F79EFBC}") = "FlintTools.DAL", "Modules\FlintTools.DAL\FlintTools.DAL.csproj", "{D9802F20-6E84-4063-AF14-C864CEFDAA03}"
EndProject
Project("{FAE04EC0-301F-11D3-BF4B-00C04F79EFBC}") = "FlintTools.Contracts", "Modules\FlintTools.Contracts\FlintTools.Contracts.csproj", "{6D2A2A02-FF86-4FD4-B5D3-E3D4E9475876}"
EndProject
Global
	GlobalSection(SolutionConfigurationPlatforms) = preSolution
		Debug|Any CPU = Debug|Any CPU
		Release|Any CPU = Release|Any CPU
	EndGlobalSection
	GlobalSection(ProjectConfigurationPlatforms) = postSolution
		{B2748423-F6B2-409F-940B-20A196D5CF86}.Debug|Any CPU.ActiveCfg = Debug|Any CPU
		{B2748423-F6B2-409F-940B-20A196D5CF86}.Debug|Any CPU.Build.0 = Debug|Any CPU
		{B2748423-F6B2-409F-940B-20A196D5CF86}.Release|Any CPU.ActiveCfg = Release|Any CPU
		{B2748423-F6B2-409F-940B-20A196D5CF86}.Release|Any CPU.Build.0 = Release|Any CPU
		{5C1F5CAE-6700-4D44-B29D-9D117A001FCD}.Debug|Any CPU.ActiveCfg = Debug|Any CPU
		{5C1F5CAE-6700-4D44-B29D-9D117A001FCD}.Debug|Any CPU.Build.0 = Debug|Any CPU
		{5C1F5CAE-6700-4D44-B29D-9D117A001FCD}.Release|Any CPU.ActiveCfg = Release|Any CPU
		{5C1F5CAE-6700-4D44-B29D-9D117A001FCD}.Release|Any CPU.Build.0 = Release|Any CPU
		{D9802F20-6E84-4063-AF14-C864CEFDAA03}.Debug|Any CPU.ActiveCfg = Debug|Any CPU
		{D9802F20-6E84-4063-AF14-C864CEFDAA03}.Debug|Any CPU.Build.0 = Debug|Any CPU
		{D9802F20-6E84-4063-AF14-C864CEFDAA03}.Release|Any CPU.ActiveCfg = Release|Any CPU
		{D9802F20-6E84-4063-AF14-C864CEFDAA03}.Release|Any CPU.Build.0 = Release|Any CPU
		{6D2A2A02-FF86-4FD4-B5D3-E3D4E9475876}.Debug|Any CPU.ActiveCfg = Debug|Any CPU
		{6D2A2A02-FF86-4FD4-B5D3-E3D4E9475876}.Debug|Any CPU.Build.0 = Debug|Any CPU
		{6D2A2A02-FF86-4FD4-B5D3-E3D4E9475876}.Release|Any CPU.ActiveCfg = Release|Any CPU
		{6D2A2A02-FF86-4FD4-B5D3-E3D4E9475876}.Release|Any CPU.Build.0 = Release|Any CPU
	EndGlobalSection
	GlobalSection(SolutionProperties) = preSolution
		HideSolutionNode = FALSE
	EndGlobalSection
	GlobalSection(NestedProjects) = preSolution
		{5C1F5CAE-6700-4D44-B29D-9D117A001FCD} = {44A95E3B-2479-480B-B7FE-825AC096333B}
		{D9802F20-6E84-4063-AF14-C864CEFDAA03} = {44A95E3B-2479-480B-B7FE-825AC096333B}
		{6D2A2A02-FF86-4FD4-B5D3-E3D4E9475876} = {44A95E3B-2479-480B-B7FE-825AC096333B}
	EndGlobalSection
EndGlobal
